
Microsoft Visual Studio Solution File, Format Version 12.00
# Visual Studio Version 16
VisualStudioVersion = 16.6.30114.105
MinimumVisualStudioVersion = 10.0.40219.1
Project("{9A19103F-16F7-4668-BE54-9A1E7A4F7556}") = "R5T.D0068.Construction", "R5T.D0068.Construction\R5T.D0068.Construction.csproj", "{CBF17860-8491-4175-9C11-13A658488820}"
EndProject
Project("{FAE04EC0-301F-11D3-BF4B-00C04F79EFBC}") = "R5T.D0068.Base", "R5T.D0068.Base\R5T.D0068.Base.csproj", "{1CED2DEE-1CD9-4175-8FBB-D22E936ED1D6}"
EndProject
Project("{FAE04EC0-301F-11D3-BF4B-00C04F79EFBC}") = "R5T.D0068.Default", "R5T.D0068.Default\R5T.D0068.Default.csproj", "{DB851B71-273C-41B5-8220-03D0539A3FB5}"
EndProject
Project("{2150E333-8FDC-42A3-9474-1A3956D46DE8}") = "_Dependencies", "_Dependencies", "{786BBE4E-CB22-4DE4-A960-E7D44E6B7C13}"
EndProject
Project("{9A19103F-16F7-4668-BE54-9A1E7A4F7556}") = "R5T.Dacia", "..\..\R5T.Dacia\source\R5T.Dacia\R5T.Dacia.csproj", "{E35D1F34-1CA0-40F8-A8CD-CC64C9320C9E}"
EndProject
Project("{9A19103F-16F7-4668-BE54-9A1E7A4F7556}") = "R5T.Dacia.Extensions", "..\..\R5T.Dacia.Extensions\source\R5T.Dacia.Extensions\R5T.Dacia.Extensions.csproj", "{E6B04F66-3243-48FD-A742-D8A825742340}"
EndProject
Project("{9A19103F-16F7-4668-BE54-9A1E7A4F7556}") = "R5T.D0067.Base", "..\..\R5T.D0067\source\R5T.D0067.Base\R5T.D0067.Base.csproj", "{E3BF8118-4BF0-42D7-944A-7CA60B467EB6}"
EndProject
Global
	GlobalSection(SolutionConfigurationPlatforms) = preSolution
		Debug|Any CPU = Debug|Any CPU
		Debug|x64 = Debug|x64
		Debug|x86 = Debug|x86
		Release|Any CPU = Release|Any CPU
		Release|x64 = Release|x64
		Release|x86 = Release|x86
	EndGlobalSection
	GlobalSection(ProjectConfigurationPlatforms) = postSolution
		{CBF17860-8491-4175-9C11-13A658488820}.Debug|Any CPU.ActiveCfg = Debug|Any CPU
		{CBF17860-8491-4175-9C11-13A658488820}.Debug|Any CPU.Build.0 = Debug|Any CPU
		{CBF17860-8491-4175-9C11-13A658488820}.Debug|x64.ActiveCfg = Debug|Any CPU
		{CBF17860-8491-4175-9C11-13A658488820}.Debug|x64.Build.0 = Debug|Any CPU
		{CBF17860-8491-4175-9C11-13A658488820}.Debug|x86.ActiveCfg = Debug|Any CPU
		{CBF17860-8491-4175-9C11-13A658488820}.Debug|x86.Build.0 = Debug|Any CPU
		{CBF17860-8491-4175-9C11-13A658488820}.Release|Any CPU.ActiveCfg = Release|Any CPU
		{CBF17860-8491-4175-9C11-13A658488820}.Release|Any CPU.Build.0 = Release|Any CPU
		{CBF17860-8491-4175-9C11-13A658488820}.Release|x64.ActiveCfg = Release|Any CPU
		{CBF17860-8491-4175-9C11-13A658488820}.Release|x64.Build.0 = Release|Any CPU
		{CBF17860-8491-4175-9C11-13A658488820}.Release|x86.ActiveCfg = Release|Any CPU
		{CBF17860-8491-4175-9C11-13A658488820}.Release|x86.Build.0 = Release|Any CPU
		{1CED2DEE-1CD9-4175-8FBB-D22E936ED1D6}.Debug|Any CPU.ActiveCfg = Debug|Any CPU
		{1CED2DEE-1CD9-4175-8FBB-D22E936ED1D6}.Debug|Any CPU.Build.0 = Debug|Any CPU
		{1CED2DEE-1CD9-4175-8FBB-D22E936ED1D6}.Debug|x64.ActiveCfg = Debug|Any CPU
		{1CED2DEE-1CD9-4175-8FBB-D22E936ED1D6}.Debug|x64.Build.0 = Debug|Any CPU
		{1CED2DEE-1CD9-4175-8FBB-D22E936ED1D6}.Debug|x86.ActiveCfg = Debug|Any CPU
		{1CED2DEE-1CD9-4175-8FBB-D22E936ED1D6}.Debug|x86.Build.0 = Debug|Any CPU
		{1CED2DEE-1CD9-4175-8FBB-D22E936ED1D6}.Release|Any CPU.ActiveCfg = Release|Any CPU
		{1CED2DEE-1CD9-4175-8FBB-D22E936ED1D6}.Release|Any CPU.Build.0 = Release|Any CPU
		{1CED2DEE-1CD9-4175-8FBB-D22E936ED1D6}.Release|x64.ActiveCfg = Release|Any CPU
		{1CED2DEE-1CD9-4175-8FBB-D22E936ED1D6}.Release|x64.Build.0 = Release|Any CPU
		{1CED2DEE-1CD9-4175-8FBB-D22E936ED1D6}.Release|x86.ActiveCfg = Release|Any CPU
		{1CED2DEE-1CD9-4175-8FBB-D22E936ED1D6}.Release|x86.Build.0 = Release|Any CPU
		{DB851B71-273C-41B5-8220-03D0539A3FB5}.Debug|Any CPU.ActiveCfg = Debug|Any CPU
		{DB851B71-273C-41B5-8220-03D0539A3FB5}.Debug|Any CPU.Build.0 = Debug|Any CPU
		{DB851B71-273C-41B5-8220-03D0539A3FB5}.Debug|x64.ActiveCfg = Debug|Any CPU
		{DB851B71-273C-41B5-8220-03D0539A3FB5}.Debug|x64.Build.0 = Debug|Any CPU
		{DB851B71-273C-41B5-8220-03D0539A3FB5}.Debug|x86.ActiveCfg = Debug|Any CPU
		{DB851B71-273C-41B5-8220-03D0539A3FB5}.Debug|x86.Build.0 = Debug|Any CPU
		{DB851B71-273C-41B5-8220-03D0539A3FB5}.Release|Any CPU.ActiveCfg = Release|Any CPU
		{DB851B71-273C-41B5-8220-03D0539A3FB5}.Release|Any CPU.Build.0 = Release|Any CPU
		{DB851B71-273C-41B5-8220-03D0539A3FB5}.Release|x64.ActiveCfg = Release|Any CPU
		{DB851B71-273C-41B5-8220-03D0539A3FB5}.Release|x64.Build.0 = Release|Any CPU
		{DB851B71-273C-41B5-8220-03D0539A3FB5}.Release|x86.ActiveCfg = Release|Any CPU
		{DB851B71-273C-41B5-8220-03D0539A3FB5}.Release|x86.Build.0 = Release|Any CPU
		{E35D1F34-1CA0-40F8-A8CD-CC64C9320C9E}.Debug|Any CPU.ActiveCfg = Debug|Any CPU
		{E35D1F34-1CA0-40F8-A8CD-CC64C9320C9E}.Debug|Any CPU.Build.0 = Debug|Any CPU
		{E35D1F34-1CA0-40F8-A8CD-CC64C9320C9E}.Debug|x64.ActiveCfg = Debug|Any CPU
		{E35D1F34-1CA0-40F8-A8CD-CC64C9320C9E}.Debug|x64.Build.0 = Debug|Any CPU
		{E35D1F34-1CA0-40F8-A8CD-CC64C9320C9E}.Debug|x86.ActiveCfg = Debug|Any CPU
		{E35D1F34-1CA0-40F8-A8CD-CC64C9320C9E}.Debug|x86.Build.0 = Debug|Any CPU
		{E35D1F34-1CA0-40F8-A8CD-CC64C9320C9E}.Release|Any CPU.ActiveCfg = Release|Any CPU
		{E35D1F34-1CA0-40F8-A8CD-CC64C9320C9E}.Release|Any CPU.Build.0 = Release|Any CPU
		{E35D1F34-1CA0-40F8-A8CD-CC64C9320C9E}.Release|x64.ActiveCfg = Release|Any CPU
		{E35D1F34-1CA0-40F8-A8CD-CC64C9320C9E}.Release|x64.Build.0 = Release|Any CPU
		{E35D1F34-1CA0-40F8-A8CD-CC64C9320C9E}.Release|x86.ActiveCfg = Release|Any CPU
		{E35D1F34-1CA0-40F8-A8CD-CC64C9320C9E}.Release|x86.Build.0 = Release|Any CPU
		{E6B04F66-3243-48FD-A742-D8A825742340}.Debug|Any CPU.ActiveCfg = Debug|Any CPU
		{E6B04F66-3243-48FD-A742-D8A825742340}.Debug|Any CPU.Build.0 = Debug|Any CPU
		{E6B04F66-3243-48FD-A742-D8A825742340}.Debug|x64.ActiveCfg = Debug|Any CPU
		{E6B04F66-3243-48FD-A742-D8A825742340}.Debug|x64.Build.0 = Debug|Any CPU
		{E6B04F66-3243-48FD-A742-D8A825742340}.Debug|x86.ActiveCfg = Debug|Any CPU
		{E6B04F66-3243-48FD-A742-D8A825742340}.Debug|x86.Build.0 = Debug|Any CPU
		{E6B04F66-3243-48FD-A742-D8A825742340}.Release|Any CPU.ActiveCfg = Release|Any CPU
		{E6B04F66-3243-48FD-A742-D8A825742340}.Release|Any CPU.Build.0 = Release|Any CPU
		{E6B04F66-3243-48FD-A742-D8A825742340}.Release|x64.ActiveCfg = Release|Any CPU
		{E6B04F66-3243-48FD-A742-D8A825742340}.Release|x64.Build.0 = Release|Any CPU
		{E6B04F66-3243-48FD-A742-D8A825742340}.Release|x86.ActiveCfg = Release|Any CPU
		{E6B04F66-3243-48FD-A742-D8A825742340}.Release|x86.Build.0 = Release|Any CPU
		{E3BF8118-4BF0-42D7-944A-7CA60B467EB6}.Debug|Any CPU.ActiveCfg = Debug|Any CPU
		{E3BF8118-4BF0-42D7-944A-7CA60B467EB6}.Debug|Any CPU.Build.0 = Debug|Any CPU
		{E3BF8118-4BF0-42D7-944A-7CA60B467EB6}.Debug|x64.ActiveCfg = Debug|Any CPU
		{E3BF8118-4BF0-42D7-944A-7CA60B467EB6}.Debug|x64.Build.0 = Debug|Any CPU
		{E3BF8118-4BF0-42D7-944A-7CA60B467EB6}.Debug|x86.ActiveCfg = Debug|Any CPU
		{E3BF8118-4BF0-42D7-944A-7CA60B467EB6}.Debug|x86.Build.0 = Debug|Any CPU
		{E3BF8118-4BF0-42D7-944A-7CA60B467EB6}.Release|Any CPU.ActiveCfg = Release|Any CPU
		{E3BF8118-4BF0-42D7-944A-7CA60B467EB6}.Release|Any CPU.Build.0 = Release|Any CPU
		{E3BF8118-4BF0-42D7-944A-7CA60B467EB6}.Release|x64.ActiveCfg = Release|Any CPU
		{E3BF8118-4BF0-42D7-944A-7CA60B467EB6}.Release|x64.Build.0 = Release|Any CPU
		{E3BF8118-4BF0-42D7-944A-7CA60B467EB6}.Release|x86.ActiveCfg = Release|Any CPU
		{E3BF8118-4BF0-42D7-944A-7CA60B467EB6}.Release|x86.Build.0 = Release|Any CPU
	EndGlobalSection
	GlobalSection(SolutionProperties) = preSolution
		HideSolutionNode = FALSE
	EndGlobalSection
	GlobalSection(NestedProjects) = preSolution
		{E35D1F34-1CA0-40F8-A8CD-CC64C9320C9E} = {786BBE4E-CB22-4DE4-A960-E7D44E6B7C13}
		{E6B04F66-3243-48FD-A742-D8A825742340} = {786BBE4E-CB22-4DE4-A960-E7D44E6B7C13}
		{E3BF8118-4BF0-42D7-944A-7CA60B467EB6} = {786BBE4E-CB22-4DE4-A960-E7D44E6B7C13}
	EndGlobalSection
	GlobalSection(ExtensibilityGlobals) = postSolution
		SolutionGuid = {B37F2D64-C6DE-4FA9-A5F8-FE80B65C9B83}
	EndGlobalSection
EndGlobal
